// !$*UTF8*$!
{
	archiveVersion = 1;
	classes = {
	};
	objectVersion = 48;
	objects = {

/* Begin PBXBuildFile section */
		100EC4F822524E76002560C1 /* AppDelegate.swift in Sources */ = {isa = PBXBuildFile; fileRef = 100EC4F722524E76002560C1 /* AppDelegate.swift */; };
		100EC4FA22524E76002560C1 /* ViewController.swift in Sources */ = {isa = PBXBuildFile; fileRef = 100EC4F922524E76002560C1 /* ViewController.swift */; };
		100EC4FD22524E76002560C1 /* Main.storyboard in Resources */ = {isa = PBXBuildFile; fileRef = 100EC4FB22524E76002560C1 /* Main.storyboard */; };
		100EC4FF22524E76002560C1 /* Assets.xcassets in Resources */ = {isa = PBXBuildFile; fileRef = 100EC4FE22524E76002560C1 /* Assets.xcassets */; };
		100EC50222524E76002560C1 /* LaunchScreen.storyboard in Resources */ = {isa = PBXBuildFile; fileRef = 100EC50022524E76002560C1 /* LaunchScreen.storyboard */; };
		100EC50E22529927002560C1 /* calculatorBrain.swift in Sources */ = {isa = PBXBuildFile; fileRef = 100EC50D22529927002560C1 /* calculatorBrain.swift */; };
/* End PBXBuildFile section */

/* Begin PBXFileReference section */
		100EC4F422524E76002560C1 /* d00.app */ = {isa = PBXFileReference; explicitFileType = wrapper.application; includeInIndex = 0; path = d00.app; sourceTree = BUILT_PRODUCTS_DIR; };
		100EC4F722524E76002560C1 /* AppDelegate.swift */ = {isa = PBXFileReference; lastKnownFileType = sourcecode.swift; path = AppDelegate.swift; sourceTree = "<group>"; };
		100EC4F922524E76002560C1 /* ViewController.swift */ = {isa = PBXFileReference; lastKnownFileType = sourcecode.swift; path = ViewController.swift; sourceTree = "<group>"; };
		100EC4FC22524E76002560C1 /* Base */ = {isa = PBXFileReference; lastKnownFileType = file.storyboard; name = Base; path = Base.lproj/Main.storyboard; sourceTree = "<group>"; };
		100EC4FE22524E76002560C1 /* Assets.xcassets */ = {isa = PBXFileReference; lastKnownFileType = folder.assetcatalog; path = Assets.xcassets; sourceTree = "<group>"; };
		100EC50122524E76002560C1 /* Base */ = {isa = PBXFileReference; lastKnownFileType = file.storyboard; name = Base; path = Base.lproj/LaunchScreen.storyboard; sourceTree = "<group>"; };
		100EC50322524E76002560C1 /* Info.plist */ = {isa = PBXFileReference; lastKnownFileType = text.plist.xml; path = Info.plist; sourceTree = "<group>"; };
		100EC50D22529927002560C1 /* calculatorBrain.swift */ = {isa = PBXFileReference; lastKnownFileType = sourcecode.swift; path = calculatorBrain.swift; sourceTree = "<group>"; };
/* End PBXFileReference section */

/* Begin PBXFrameworksBuildPhase section */
		100EC4F122524E76002560C1 /* Frameworks */ = {
			isa = PBXFrameworksBuildPhase;
			buildActionMask = 2147483647;
			files = (
			);
			runOnlyForDeploymentPostprocessing = 0;
		};
/* End PBXFrameworksBuildPhase section */

/* Begin PBXGroup section */
		100EC4EB22524E76002560C1 = {
			isa = PBXGroup;
			children = (
				100EC4F622524E76002560C1 /* d00 */,
				100EC4F522524E76002560C1 /* Products */,
			);
			sourceTree = "<group>";
		};
		100EC4F522524E76002560C1 /* Products */ = {
			isa = PBXGroup;
			children = (
				100EC4F422524E76002560C1 /* d00.app */,
			);
			name = Products;
			sourceTree = "<group>";
		};
		100EC4F622524E76002560C1 /* d00 */ = {
			isa = PBXGroup;
			children = (
				100EC4F722524E76002560C1 /* AppDelegate.swift */,
				100EC4F922524E76002560C1 /* ViewController.swift */,
				100EC50D22529927002560C1 /* calculatorBrain.swift */,
				100EC4FB22524E76002560C1 /* Main.storyboard */,
				100EC4FE22524E76002560C1 /* Assets.xcassets */,
				100EC50022524E76002560C1 /* LaunchScreen.storyboard */,
				100EC50322524E76002560C1 /* Info.plist */,
			);
			path = d00;
			sourceTree = "<group>";
		};
/* End PBXGroup section */

/* Begin PBXNativeTarget section */
		100EC4F322524E76002560C1 /* d00 */ = {
			isa = PBXNativeTarget;
			buildConfigurationList = 100EC50622524E76002560C1 /* Build configuration list for PBXNativeTarget "d00" */;
			buildPhases = (
				100EC4F022524E76002560C1 /* Sources */,
				100EC4F122524E76002560C1 /* Frameworks */,
				100EC4F222524E76002560C1 /* Resources */,
			);
			buildRules = (
			);
			dependencies = (
			);
			name = d00;
			productName = d00;
			productReference = 100EC4F422524E76002560C1 /* d00.app */;
			productType = "com.apple.product-type.application";
		};
/* End PBXNativeTarget section */

/* Begin PBXProject section */
		100EC4EC22524E76002560C1 /* Project object */ = {
			isa = PBXProject;
			attributes = {
				LastSwiftUpdateCheck = 0920;
				LastUpgradeCheck = 0920;
				ORGANIZATIONNAME = "Maksym MATIUSHCHENKO";
				TargetAttributes = {
					100EC4F322524E76002560C1 = {
						CreatedOnToolsVersion = 9.2;
						ProvisioningStyle = Automatic;
					};
				};
			};
			buildConfigurationList = 100EC4EF22524E76002560C1 /* Build configuration list for PBXProject "d00" */;
			compatibilityVersion = "Xcode 8.0";
			developmentRegion = en;
			hasScannedForEncodings = 0;
			knownRegions = (
				en,
				Base,
			);
			mainGroup = 100EC4EB22524E76002560C1;
			productRefGroup = 100EC4F522524E76002560C1 /* Products */;
			projectDirPath = "";
			projectRoot = "";
			targets = (
				100EC4F322524E76002560C1 /* d00 */,
			);
		};
/* End PBXProject section */

/* Begin PBXResourcesBuildPhase section */
		100EC4F222524E76002560C1 /* Resources */ = {
			isa = PBXResourcesBuildPhase;
			buildActionMask = 2147483647;
			files = (
				100EC50222524E76002560C1 /* LaunchScreen.storyboard in Resources */,
				100EC4FF22524E76002560C1 /* Assets.xcassets in Resources */,
				100EC4FD22524E76002560C1 /* Main.storyboard in Resources */,
			);
			runOnlyForDeploymentPostprocessing = 0;
		};
/* End PBXResourcesBuildPhase section */

/* Begin PBXSourcesBuildPhase section */
		100EC4F022524E76002560C1 /* Sources */ = {
			isa = PBXSourcesBuildPhase;
			buildActionMask = 2147483647;
			files = (
				100EC50E22529927002560C1 /* calculatorBrain.swift in Sources */,
				100EC4FA22524E76002560C1 /* ViewController.swift in Sources */,
				100EC4F822524E76002560C1 /* AppDelegate.swift in Sources */,
			);
			runOnlyForDeploymentPostprocessing = 0;
		};
/* End PBXSourcesBuildPhase section */

/* Begin PBXVariantGroup section */
		100EC4FB22524E76002560C1 /* Main.storyboard */ = {
			isa = PBXVariantGroup;
			children = (
				100EC4FC22524E76002560C1 /* Base */,
			);
			name = Main.storyboard;
			sourceTree = "<group>";
		};
		100EC50022524E76002560C1 /* LaunchScreen.storyboard */ = {
			isa = PBXVariantGroup;
			children = (
				100EC50122524E76002560C1 /* Base */,
			);
			name = LaunchScreen.storyboard;
			sourceTree = "<group>";
		};
/* End PBXVariantGroup section */

/* Begin XCBuildConfiguration section */
		100EC50422524E76002560C1 /* Debug */ = {
			isa = XCBuildConfiguration;
			buildSettings = {
				ALWAYS_SEARCH_USER_PATHS = NO;
				CLANG_ANALYZER_NONNULL = YES;
				CLANG_ANALYZER_NUMBER_OBJECT_CONVERSION = YES_AGGRESSIVE;
				CLANG_CXX_LANGUAGE_STANDARD = "gnu++14";
				CLANG_CXX_LIBRARY = "libc++";
				CLANG_ENABLE_MODULES = YES;
				CLANG_ENABLE_OBJC_ARC = YES;
				CLANG_WARN_BLOCK_CAPTURE_AUTORELEASING = YES;
				CLANG_WARN_BOOL_CONVERSION = YES;
				CLANG_WARN_COMMA = YES;
				CLANG_WARN_CONSTANT_CONVERSION = YES;
				CLANG_WARN_DIRECT_OBJC_ISA_USAGE = YES_ERROR;
				CLANG_WARN_DOCUMENTATION_COMMENTS = YES;
				CLANG_WARN_EMPTY_BODY = YES;
				CLANG_WARN_ENUM_CONVERSION = YES;
				CLANG_WARN_INFINITE_RECURSION = YES;
				CLANG_WARN_INT_CONVERSION = YES;
				CLANG_WARN_NON_LITERAL_NULL_CONVERSION = YES;
				CLANG_WARN_OBJC_LITERAL_CONVERSION = YES;
				CLANG_WARN_OBJC_ROOT_CLASS = YES_ERROR;
				CLANG_WARN_RANGE_LOOP_ANALYSIS = YES;
				CLANG_WARN_STRICT_PROTOTYPES = YES;
				CLANG_WARN_SUSPICIOUS_MOVE = YES;
				CLANG_WARN_UNGUARDED_AVAILABILITY = YES_AGGRESSIVE;
				CLANG_WARN_UNREACHABLE_CODE = YES;
				CLANG_WARN__DUPLICATE_METHOD_MATCH = YES;
				CODE_SIGN_IDENTITY = "iPhone Developer";
				COPY_PHASE_STRIP = NO;
				DEBUG_INFORMATION_FORMAT = dwarf;
				ENABLE_STRICT_OBJC_MSGSEND = YES;
				ENABLE_TESTABILITY = YES;
				GCC_C_LANGUAGE_STANDARD = gnu11;
				GCC_DYNAMIC_NO_PIC = NO;
				GCC_NO_COMMON_BLOCKS = YES;
				GCC_OPTIMIZATION_LEVEL = 0;
				GCC_PREPROCESSOR_DEFINITIONS = (
					"DEBUG=1",
					"$(inherited)",
				);
				GCC_WARN_64_TO_32_BIT_CONVERSION = YES;
				GCC_WARN_ABOUT_RETURN_TYPE = YES_ERROR;
				GCC_WARN_UNDECLARED_SELECTOR = YES;
				GCC_WARN_UNINITIALIZED_AUTOS = YES_AGGRESSIVE;
				GCC_WARN_UNUSED_FUNCTION = YES;
				GCC_WARN_UNUSED_VARIABLE = YES;
				IPHONEOS_DEPLOYMENT_TARGET = 11.2;
				MTL_ENABLE_DEBUG_INFO = YES;
				ONLY_ACTIVE_ARCH = YES;
				SDKROOT = iphoneos;
				SWIFT_ACTIVE_COMPILATION_CONDITIONS = DEBUG;
				SWIFT_OPTIMIZATION_LEVEL = "-Onone";
			};
			name = Debug;
		};
		100EC50522524E76002560C1 /* Release */ = {
			isa = XCBuildConfiguration;
			buildSettings = {
				ALWAYS_SEARCH_USER_PATHS = NO;
				CLANG_ANALYZER_NONNULL = YES;
				CLANG_ANALYZER_NUMBER_OBJECT_CONVERSION = YES_AGGRESSIVE;
				CLANG_CXX_LANGUAGE_STANDARD = "gnu++14";
				CLANG_CXX_LIBRARY = "libc++";
				CLANG_ENABLE_MODULES = YES;
				CLANG_ENABLE_OBJC_ARC = YES;
				CLANG_WARN_BLOCK_CAPTURE_AUTORELEASING = YES;
				CLANG_WARN_BOOL_CONVERSION = YES;
				CLANG_WARN_COMMA = YES;
				CLANG_WARN_CONSTANT_CONVERSION = YES;
				CLANG_WARN_DIRECT_OBJC_ISA_USAGE = YES_ERROR;
				CLANG_WARN_DOCUMENTATION_COMMENTS = YES;
				CLANG_WARN_EMPTY_BODY = YES;
				CLANG_WARN_ENUM_CONVERSION = YES;
				CLANG_WARN_INFINITE_RECURSION = YES;
				CLANG_WARN_INT_CONVERSION = YES;
				CLANG_WARN_NON_LITERAL_NULL_CONVERSION = YES;
				CLANG_WARN_OBJC_LITERAL_CONVERSION = YES;
				CLANG_WARN_OBJC_ROOT_CLASS = YES_ERROR;
				CLANG_WARN_RANGE_LOOP_ANALYSIS = YES;
				CLANG_WARN_STRICT_PROTOTYPES = YES;
				CLANG_WARN_SUSPICIOUS_MOVE = YES;
				CLANG_WARN_UNGUARDED_AVAILABILITY = YES_AGGRESSIVE;
				CLANG_WARN_UNREACHABLE_CODE = YES;
				CLANG_WARN__DUPLICATE_METHOD_MATCH = YES;
				CODE_SIGN_IDENTITY = "iPhone Developer";
				COPY_PHASE_STRIP = NO;
				DEBUG_INFORMATION_FORMAT = "dwarf-with-dsym";
				ENABLE_NS_ASSERTIONS = NO;
				ENABLE_STRICT_OBJC_MSGSEND = YES;
				GCC_C_LANGUAGE_STANDARD = gnu11;
				GCC_NO_COMMON_BLOCKS = YES;
				GCC_WARN_64_TO_32_BIT_CONVERSION = YES;
				GCC_WARN_ABOUT_RETURN_TYPE = YES_ERROR;
				GCC_WARN_UNDECLARED_SELECTOR = YES;
				GCC_WARN_UNINITIALIZED_AUTOS = YES_AGGRESSIVE;
				GCC_WARN_UNUSED_FUNCTION = YES;
				GCC_WARN_UNUSED_VARIABLE = YES;
				IPHONEOS_DEPLOYMENT_TARGET = 11.2;
				MTL_ENABLE_DEBUG_INFO = NO;
				SDKROOT = iphoneos;
				SWIFT_OPTIMIZATION_LEVEL = "-Owholemodule";
				VALIDATE_PRODUCT = YES;
			};
			name = Release;
		};
		100EC50722524E76002560C1 /* Debug */ = {
			isa = XCBuildConfiguration;
			buildSettings = {
				ASSETCATALOG_COMPILER_APPICON_NAME = AppIcon;
				CODE_SIGN_STYLE = Automatic;
				INFOPLIST_FILE = d00/Info.plist;
				LD_RUNPATH_SEARCH_PATHS = "$(inherited) @executable_path/Frameworks";
				PRODUCT_BUNDLE_IDENTIFIER = mmatiush.d00;
				PRODUCT_NAME = "$(TARGET_NAME)";
				SWIFT_VERSION = 4.0;
				TARGETED_DEVICE_FAMILY = "1,2";
			};
			name = Debug;
		};
		100EC50822524E76002560C1 /* Release */ = {
			isa = XCBuildConfiguration;
			buildSettings = {
				ASSETCATALOG_COMPILER_APPICON_NAME = AppIcon;
				CODE_SIGN_STYLE = Automatic;
				INFOPLIST_FILE = d00/Info.plist;
				LD_RUNPATH_SEARCH_PATHS = "$(inherited) @executable_path/Frameworks";
				PRODUCT_BUNDLE_IDENTIFIER = mmatiush.d00;
				PRODUCT_NAME = "$(TARGET_NAME)";
				SWIFT_VERSION = 4.0;
				TARGETED_DEVICE_FAMILY = "1,2";
			};
			name = Release;
		};
/* End XCBuildConfiguration section */

/* Begin XCConfigurationList section */
		100EC4EF22524E76002560C1 /* Build configuration list for PBXProject "d00" */ = {
			isa = XCConfigurationList;
			buildConfigurations = (
				100EC50422524E76002560C1 /* Debug */,
				100EC50522524E76002560C1 /* Release */,
			);
			defaultConfigurationIsVisible = 0;
			defaultConfigurationName = Release;
		};
		100EC50622524E76002560C1 /* Build configuration list for PBXNativeTarget "d00" */ = {
			isa = XCConfigurationList;
			buildConfigurations = (
				100EC50722524E76002560C1 /* Debug */,
				100EC50822524E76002560C1 /* Release */,
			);
			defaultConfigurationIsVisible = 0;
			defaultConfigurationName = Release;
		};
/* End XCConfigurationList section */
	};
	rootObject = 100EC4EC22524E76002560C1 /* Project object */;
}
